{
  "name": "relay-runner",
  "version": "0.1.0",
  "lockfileVersion": 3,
  "requires": true,
  "packages": {
    "": {
      "name": "relay-runner",
      "version": "0.1.0",
      "license": "MIT",
      "bin": {
        "relay-agent": "bin/relay-agent.js",
        "relay-runner": "bin/relay.js"
      },
      "engines": {
        "node": ">=20"
      }
    }
  }
}
